
Microsoft Visual Studio Solution File, Format Version 12.00
# Visual Studio Version 16
VisualStudioVersion = 16.0.30523.141
MinimumVisualStudioVersion = 10.0.40219.1
Project("{FAE04EC0-301F-11D3-BF4B-00C04F79EFBC}") = "AddressBookPro", "AddressBookPro.csproj", "{A76B4976-B970-45B2-8762-EC0AECCD679A}"
EndProject
Global
	GlobalSection(SolutionConfigurationPlatforms) = preSolution
		Debug|Any CPU = Debug|Any CPU
		Release|Any CPU = Release|Any CPU
	EndGlobalSection
	GlobalSection(ProjectConfigurationPlatforms) = postSolution
		{A76B4976-B970-45B2-8762-EC0AECCD679A}.Debug|Any CPU.ActiveCfg = Debug|Any CPU
		{A76B4976-B970-45B2-8762-EC0AECCD679A}.Debug|Any CPU.Build.0 = Debug|Any CPU
		{A76B4976-B970-45B2-8762-EC0AECCD679A}.Release|Any CPU.ActiveCfg = Release|Any CPU
		{A76B4976-B970-45B2-8762-EC0AECCD679A}.Release|Any CPU.Build.0 = Release|Any CPU
	EndGlobalSection
	GlobalSection(SolutionProperties) = preSolution
		HideSolutionNode = FALSE
	EndGlobalSection
	GlobalSection(ExtensibilityGlobals) = postSolution
		SolutionGuid = {FE2277F5-B4CE-42AB-9912-2E7EA2F9DB56}
	EndGlobalSection
EndGlobal
